version = 1
revision = 2
requires-python = ">=3.13"

[[package]]
name = "cfgv"
version = "3.4.0"
source = { registry = "https://pypi.org/simple" }
sdist = { url = "https://files.pythonhosted.org/packages/11/74/539e56497d9bd1d484fd863dd69cbbfa653cd2aa27abfe35653494d85e94/cfgv-3.4.0.tar.gz", hash = "sha256:e52591d4c5f5dead8e0f673fb16db7949d2cfb3f7da4582893288f0ded8fe560", size = 7114, upload_time = "2023-08-12T20:38:17.776Z" }
wheels = [
    { url = "https://files.pythonhosted.org/packages/c5/55/51844dd50c4fc7a33b653bfaba4c2456f06955289ca770a5dbd5fd267374/cfgv-3.4.0-py2.py3-none-any.whl", hash = "sha256:b7265b1f29fd3316bfcd2b330d63d024f2bfd8bcb8b0272f8e19a504856c48f9", size = 7249, upload_time = "2023-08-12T20:38:16.269Z" },
]

[[package]]
name = "cryptg"
version = "0.5.0.post0"
source = { registry = "https://pypi.org/simple" }
sdist = { url = "https://files.pythonhosted.org/packages/8f/c8/9570ac88c1f14bc7a944819da523fdcdba54064ac49dd5faec86f8bf4c95/cryptg-0.5.0.post0.tar.gz", hash = "sha256:be5b36e662a73c9b2f1e02e4f0d71b0f97870e514e924d5988d7253a780e3a7b", size = 13395, upload_time = "2024-10-22T20:28:38.885Z" }
wheels = [
    { url = "https://files.pythonhosted.org/packages/db/bf/e4c730747d9b7c31e56a611c8ad253fe9e7da463caa0bb1c53c7b8a78b03/cryptg-0.5.0.post0-cp313-cp313-macosx_11_0_arm64.whl", hash = "sha256:9dfc86e0a4b200585b0d0a0ab349738f22b8ff9d14621ed7b37a2a415b78c3a5", size = 205191, upload_time = "2024-10-22T21:05:47.817Z" },
    { url = "https://files.pythonhosted.org/packages/ba/92/f53785242ecb7f47cf860cdf325cd56e6a9b1d2021b9c05b8d85164075fd/cryptg-0.5.0.post0-cp313-cp313-manylinux_2_17_aarch64.manylinux2014_aarch64.whl", hash = "sha256:9abb52b4d6c275f7148acec5a712c9731280794cd46b4e0fae8c6428f7ba5858", size = 235824, upload_time = "2024-10-22T21:05:49.344Z" },
    { url = "https://files.pythonhosted.org/packages/c2/5b/9453e85cf3b7a53c5b91d63329cbf5b0035b7e635a0347280966b949d252/cryptg-0.5.0.post0-cp313-cp313-manylinux_2_17_x86_64.manylinux2014_x86_64.whl", hash = "sha256:852e88327fc0050c47a1973e0ca33ffb7211c3d739965bff923fc202aeda1567", size = 237433, upload_time = "2024-10-22T21:05:50.788Z" },
    { url = "https://files.pythonhosted.org/packages/52/06/8ca293f475a8a374ed1006aa2ae647682f2b1dcb42a0c17dccbf5b47d614/cryptg-0.5.0.post0-cp313-cp313-manylinux_2_5_i686.manylinux1_i686.manylinux_2_17_i686.manylinux2014_i686.whl", hash = "sha256:feb3dc38d1766470239c76ca2f5003d8233d3a179a342e8731d5c5c6c57c08c9", size = 258490, upload_time = "2024-10-22T21:05:51.944Z" },
    { url = "https://files.pythonhosted.org/packages/4b/36/6fa10a9d02cae742e69f46349645acdcf939a69058a14b57acbf0ef2fee1/cryptg-0.5.0.post0-cp313-cp313-win32.whl", hash = "sha256:2adfb6ddeb7be5678121e254b7d113e6f25923a8c9c41dff2b7c777eb6b318ff", size = 113199, upload_time = "2024-10-22T21:05:55.211Z" },
    { url = "https://files.pythonhosted.org/packages/8b/44/5213eb9fbbc0678b62d20a6e5a0489ed4e2dde4ad6f880ea011cdd21c694/cryptg-0.5.0.post0-cp313-cp313-win_amd64.whl", hash = "sha256:e0666f1d4dc551c1cb86378b7adf4d927a1a79fafd9c25e88bda1de43e6d1f7b", size = 111359, upload_time = "2024-10-22T21:05:53.395Z" },
]

[[package]]
name = "distlib"
version = "0.3.9"
source = { registry = "https://pypi.org/simple" }
sdist = { url = "https://files.pythonhosted.org/packages/0d/dd/1bec4c5ddb504ca60fc29472f3d27e8d4da1257a854e1d96742f15c1d02d/distlib-0.3.9.tar.gz", hash = "sha256:a60f20dea646b8a33f3e7772f74dc0b2d0772d2837ee1342a00645c81edf9403", size = 613923, upload_time = "2024-10-09T18:35:47.551Z" }
wheels = [
    { url = "https://files.pythonhosted.org/packages/91/a1/cf2472db20f7ce4a6be1253a81cfdf85ad9c7885ffbed7047fb72c24cf87/distlib-0.3.9-py2.py3-none-any.whl", hash = "sha256:47f8c22fd27c27e25a65601af709b38e4f0a45ea4fc2e710f65755fa8caaaf87", size = 468973, upload_time = "2024-10-09T18:35:44.272Z" },
]

[[package]]
name = "ebook-converter-bot"
version = "0.1.0"
source = { virtual = "." }
dependencies = [
    { name = "cryptg" },
    { name = "hachoir" },
    { name = "lxml" },
    { name = "sqlalchemy" },
    { name = "telethon" },
]

[package.dev-dependencies]
dev = [
    { name = "pre-commit" },
    { name = "ruff" },
]

[package.metadata]
requires-dist = [
    { name = "cryptg", specifier = ">=0.5.0" },
    { name = "hachoir", specifier = ">=3.2.0" },
    { name = "lxml", specifier = ">=5.0.0" },
    { name = "sqlalchemy", specifier = ">=2.0.14" },
    { name = "telethon", specifier = ">=1.28.5" },
]

[package.metadata.requires-dev]
dev = [
    { name = "pre-commit", specifier = ">=4.0.0" },
    { name = "ruff", specifier = ">=0.8.1" },
]

[[package]]
name = "filelock"
version = "3.18.0"
source = { registry = "https://pypi.org/simple" }
sdist = { url = "https://files.pythonhosted.org/packages/0a/10/c23352565a6544bdc5353e0b15fc1c563352101f30e24bf500207a54df9a/filelock-3.18.0.tar.gz", hash = "sha256:adbc88eabb99d2fec8c9c1b229b171f18afa655400173ddc653d5d01501fb9f2", size = 18075, upload_time = "2025-03-14T07:11:40.47Z" }
wheels = [
    { url = "https://files.pythonhosted.org/packages/4d/36/2a115987e2d8c300a974597416d9de88f2444426de9571f4b59b2cca3acc/filelock-3.18.0-py3-none-any.whl", hash = "sha256:c401f4f8377c4464e6db25fff06205fd89bdd83b65eb0488ed1b160f780e21de", size = 16215, upload_time = "2025-03-14T07:11:39.145Z" },
]

[[package]]
name = "greenlet"
version = "3.2.1"
source = { registry = "https://pypi.org/simple" }
sdist = { url = "https://files.pythonhosted.org/packages/3f/74/907bb43af91782e0366b0960af62a8ce1f9398e4291cac7beaeffbee0c04/greenlet-3.2.1.tar.gz", hash = "sha256:9f4dd4b4946b14bb3bf038f81e1d2e535b7d94f1b2a59fdba1293cd9c1a0a4d7", size = 184475, upload_time = "2025-04-22T14:40:18.206Z" }
wheels = [
    { url = "https://files.pythonhosted.org/packages/77/2a/581b3808afec55b2db838742527c40b4ce68b9b64feedff0fd0123f4b19a/greenlet-3.2.1-cp313-cp313-macosx_11_0_universal2.whl", hash = "sha256:e1967882f0c42eaf42282a87579685c8673c51153b845fde1ee81be720ae27ac", size = 269119, upload_time = "2025-04-22T14:25:01.798Z" },
    { url = "https://files.pythonhosted.org/packages/b0/f3/1c4e27fbdc84e13f05afc2baf605e704668ffa26e73a43eca93e1120813e/greenlet-3.2.1-cp313-cp313-manylinux_2_17_aarch64.manylinux2014_aarch64.whl", hash = "sha256:e77ae69032a95640a5fe8c857ec7bee569a0997e809570f4c92048691ce4b437", size = 637314, upload_time = "2025-04-22T14:53:46.214Z" },
    { url = "https://files.pythonhosted.org/packages/fc/1a/9fc43cb0044f425f7252da9847893b6de4e3b20c0a748bce7ab3f063d5bc/greenlet-3.2.1-cp313-cp313-manylinux_2_17_ppc64le.manylinux2014_ppc64le.whl", hash = "sha256:3227c6ec1149d4520bc99edac3b9bc8358d0034825f3ca7572165cb502d8f29a", size = 651421, upload_time = "2025-04-22T14:55:00.852Z" },
    { url = "https://files.pythonhosted.org/packages/8a/65/d47c03cdc62c6680206b7420c4a98363ee997e87a5e9da1e83bd7eeb57a8/greenlet-3.2.1-cp313-cp313-manylinux_2_17_s390x.manylinux2014_s390x.whl", hash = "sha256:0ddda0197c5b46eedb5628d33dad034c455ae77708c7bf192686e760e26d6a0c", size = 645789, upload_time = "2025-04-22T15:04:37.702Z" },
    { url = "https://files.pythonhosted.org/packages/2f/40/0faf8bee1b106c241780f377b9951dd4564ef0972de1942ef74687aa6bba/greenlet-3.2.1-cp313-cp313-manylinux_2_17_x86_64.manylinux2014_x86_64.whl", hash = "sha256:de62b542e5dcf0b6116c310dec17b82bb06ef2ceb696156ff7bf74a7a498d982", size = 648262, upload_time = "2025-04-22T14:27:07.55Z" },
    { url = "https://files.pythonhosted.org/packages/e0/a8/73305f713183c2cb08f3ddd32eaa20a6854ba9c37061d682192db9b021c3/greenlet-3.2.1-cp313-cp313-manylinux_2_24_x86_64.manylinux_2_28_x86_64.whl", hash = "sha256:c07a0c01010df42f1f058b3973decc69c4d82e036a951c3deaf89ab114054c07", size = 606770, upload_time = "2025-04-22T14:25:58.34Z" },
    { url = "https://files.pythonhosted.org/packages/c3/05/7d726e1fb7f8a6ac55ff212a54238a36c57db83446523c763e20cd30b837/greenlet-3.2.1-cp313-cp313-musllinux_1_1_aarch64.whl", hash = "sha256:2530bfb0abcd451ea81068e6d0a1aac6dabf3f4c23c8bd8e2a8f579c2dd60d95", size = 1117960, upload_time = "2025-04-22T14:59:00.373Z" },
    { url = "https://files.pythonhosted.org/packages/bf/9f/2b6cb1bd9f1537e7b08c08705c4a1d7bd4f64489c67d102225c4fd262bda/greenlet-3.2.1-cp313-cp313-musllinux_1_1_x86_64.whl", hash = "sha256:1c472adfca310f849903295c351d297559462067f618944ce2650a1878b84123", size = 1145500, upload_time = "2025-04-22T14:28:12.441Z" },
    { url = "https://files.pythonhosted.org/packages/e4/f6/339c6e707062319546598eb9827d3ca8942a3eccc610d4a54c1da7b62527/greenlet-3.2.1-cp313-cp313-win_amd64.whl", hash = "sha256:24a496479bc8bd01c39aa6516a43c717b4cee7196573c47b1f8e1011f7c12495", size = 295994, upload_time = "2025-04-22T14:50:44.796Z" },
    { url = "https://files.pythonhosted.org/packages/f1/72/2a251d74a596af7bb1717e891ad4275a3fd5ac06152319d7ad8c77f876af/greenlet-3.2.1-cp313-cp313t-manylinux_2_17_aarch64.manylinux2014_aarch64.whl", hash = "sha256:175d583f7d5ee57845591fc30d852b75b144eb44b05f38b67966ed6df05c8526", size = 629889, upload_time = "2025-04-22T14:53:48.434Z" },
    { url = "https://files.pythonhosted.org/packages/29/2e/d7ed8bf97641bf704b6a43907c0e082cdf44d5bc026eb8e1b79283e7a719/greenlet-3.2.1-cp313-cp313t-manylinux_2_17_ppc64le.manylinux2014_ppc64le.whl", hash = "sha256:3ecc9d33ca9428e4536ea53e79d781792cee114d2fa2695b173092bdbd8cd6d5", size = 635261, upload_time = "2025-04-22T14:55:02.258Z" },
    { url = "https://files.pythonhosted.org/packages/1e/75/802aa27848a6fcb5e566f69c64534f572e310f0f12d41e9201a81e741551/greenlet-3.2.1-cp313-cp313t-manylinux_2_17_s390x.manylinux2014_s390x.whl", hash = "sha256:3f56382ac4df3860ebed8ed838f268f03ddf4e459b954415534130062b16bc32", size = 632523, upload_time = "2025-04-22T15:04:39.221Z" },
    { url = "https://files.pythonhosted.org/packages/56/09/f7c1c3bab9b4c589ad356503dd71be00935e9c4db4db516ed88fc80f1187/greenlet-3.2.1-cp313-cp313t-manylinux_2_17_x86_64.manylinux2014_x86_64.whl", hash = "sha256:cc45a7189c91c0f89aaf9d69da428ce8301b0fd66c914a499199cfb0c28420fc", size = 628816, upload_time = "2025-04-22T14:27:08.869Z" },
    { url = "https://files.pythonhosted.org/packages/79/e0/1bb90d30b5450eac2dffeaac6b692857c4bd642c21883b79faa8fa056cf2/greenlet-3.2.1-cp313-cp313t-manylinux_2_24_x86_64.manylinux_2_28_x86_64.whl", hash = "sha256:51a2f49da08cff79ee42eb22f1658a2aed60c72792f0a0a95f5f0ca6d101b1fb", size = 593687, upload_time = "2025-04-22T14:25:59.676Z" },
    { url = "https://files.pythonhosted.org/packages/c5/b5/adbe03c8b4c178add20cc716021183ae6b0326d56ba8793d7828c94286f6/greenlet-3.2.1-cp313-cp313t-musllinux_1_1_aarch64.whl", hash = "sha256:0c68bbc639359493420282d2f34fa114e992a8724481d700da0b10d10a7611b8", size = 1105754, upload_time = "2025-04-22T14:59:02.585Z" },
    { url = "https://files.pythonhosted.org/packages/39/93/84582d7ef38dec009543ccadec6ab41079a6cbc2b8c0566bcd07bf1aaf6c/greenlet-3.2.1-cp313-cp313t-musllinux_1_1_x86_64.whl", hash = "sha256:e775176b5c203a1fa4be19f91da00fd3bff536868b77b237da3f4daa5971ae5d", size = 1125160, upload_time = "2025-04-22T14:28:13.975Z" },
    { url = "https://files.pythonhosted.org/packages/01/e6/f9d759788518a6248684e3afeb3691f3ab0276d769b6217a1533362298c8/greenlet-3.2.1-cp314-cp314-macosx_11_0_universal2.whl", hash = "sha256:d6668caf15f181c1b82fb6406f3911696975cc4c37d782e19cb7ba499e556189", size = 269897, upload_time = "2025-04-22T14:27:14.044Z" },
]

[[package]]
name = "hachoir"
version = "3.3.0"
source = { registry = "https://pypi.org/simple" }
sdist = { url = "https://files.pythonhosted.org/packages/31/e5/3a7d611dc87aab2c088be040f5da2f6937e308044983848e648d97ef388b/hachoir-3.3.0.tar.gz", hash = "sha256:fd7679f649c17ee45ab2ba5eacddc702c667ea5200c0a1fd063d4615fa7270d2", size = 7111887, upload_time = "2023-12-12T10:59:30.986Z" }
wheels = [
    { url = "https://files.pythonhosted.org/packages/ef/96/9570e6604114e9b2b2e1d90a89d01d10646b9cb6f54bba78f6de5fbbceb1/hachoir-3.3.0-py3-none-any.whl", hash = "sha256:9f721af67867d933383398b9605bc388db25f55dde1034d2bfde91f05e5d9910", size = 650439, upload_time = "2023-12-12T10:59:28.091Z" },
]

[[package]]
name = "identify"
version = "2.6.10"
source = { registry = "https://pypi.org/simple" }
sdist = { url = "https://files.pythonhosted.org/packages/0c/83/b6ea0334e2e7327084a46aaaf71f2146fc061a192d6518c0d020120cd0aa/identify-2.6.10.tar.gz", hash = "sha256:45e92fd704f3da71cc3880036633f48b4b7265fd4de2b57627cb157216eb7eb8", size = 99201, upload_time = "2025-04-19T15:10:38.32Z" }
wheels = [
    { url = "https://files.pythonhosted.org/packages/2b/d3/85feeba1d097b81a44bcffa6a0beab7b4dfffe78e82fc54978d3ac380736/identify-2.6.10-py2.py3-none-any.whl", hash = "sha256:5f34248f54136beed1a7ba6a6b5c4b6cf21ff495aac7c359e1ef831ae3b8ab25", size = 99101, upload_time = "2025-04-19T15:10:36.701Z" },
]

[[package]]
name = "lxml"
version = "5.4.0"
source = { registry = "https://pypi.org/simple" }
sdist = { url = "https://files.pythonhosted.org/packages/76/3d/14e82fc7c8fb1b7761f7e748fd47e2ec8276d137b6acfe5a4bb73853e08f/lxml-5.4.0.tar.gz", hash = "sha256:d12832e1dbea4be280b22fd0ea7c9b87f0d8fc51ba06e92dc62d52f804f78ebd", size = 3679479, upload_time = "2025-04-23T01:50:29.322Z" }
wheels = [
    { url = "https://files.pythonhosted.org/packages/87/cb/2ba1e9dd953415f58548506fa5549a7f373ae55e80c61c9041b7fd09a38a/lxml-5.4.0-cp313-cp313-macosx_10_13_universal2.whl", hash = "sha256:773e27b62920199c6197130632c18fb7ead3257fce1ffb7d286912e56ddb79e0", size = 8110086, upload_time = "2025-04-23T01:46:52.218Z" },
    { url = "https://files.pythonhosted.org/packages/b5/3e/6602a4dca3ae344e8609914d6ab22e52ce42e3e1638c10967568c5c1450d/lxml-5.4.0-cp313-cp313-macosx_10_13_x86_64.whl", hash = "sha256:ce9c671845de9699904b1e9df95acfe8dfc183f2310f163cdaa91a3535af95de", size = 4404613, upload_time = "2025-04-23T01:46:55.281Z" },
    { url = "https://files.pythonhosted.org/packages/4c/72/bf00988477d3bb452bef9436e45aeea82bb40cdfb4684b83c967c53909c7/lxml-5.4.0-cp313-cp313-manylinux_2_12_i686.manylinux2010_i686.manylinux_2_17_i686.manylinux2014_i686.whl", hash = "sha256:9454b8d8200ec99a224df8854786262b1bd6461f4280064c807303c642c05e76", size = 5012008, upload_time = "2025-04-23T01:46:57.817Z" },
    { url = "https://files.pythonhosted.org/packages/92/1f/93e42d93e9e7a44b2d3354c462cd784dbaaf350f7976b5d7c3f85d68d1b1/lxml-5.4.0-cp313-cp313-manylinux_2_17_aarch64.manylinux2014_aarch64.whl", hash = "sha256:cccd007d5c95279e529c146d095f1d39ac05139de26c098166c4beb9374b0f4d", size = 4760915, upload_time = "2025-04-23T01:47:00.745Z" },
    { url = "https://files.pythonhosted.org/packages/45/0b/363009390d0b461cf9976a499e83b68f792e4c32ecef092f3f9ef9c4ba54/lxml-5.4.0-cp313-cp313-manylinux_2_17_ppc64le.manylinux2014_ppc64le.whl", hash = "sha256:0fce1294a0497edb034cb416ad3e77ecc89b313cff7adbee5334e4dc0d11f422", size = 5283890, upload_time = "2025-04-23T01:47:04.702Z" },
    { url = "https://files.pythonhosted.org/packages/19/dc/6056c332f9378ab476c88e301e6549a0454dbee8f0ae16847414f0eccb74/lxml-5.4.0-cp313-cp313-manylinux_2_17_s390x.manylinux2014_s390x.whl", hash = "sha256:24974f774f3a78ac12b95e3a20ef0931795ff04dbb16db81a90c37f589819551", size = 4812644, upload_time = "2025-04-23T01:47:07.833Z" },
    { url = "https://files.pythonhosted.org/packages/ee/8a/f8c66bbb23ecb9048a46a5ef9b495fd23f7543df642dabeebcb2eeb66592/lxml-5.4.0-cp313-cp313-manylinux_2_17_x86_64.manylinux2014_x86_64.whl", hash = "sha256:497cab4d8254c2a90bf988f162ace2ddbfdd806fce3bda3f581b9d24c852e03c", size = 4921817, upload_time = "2025-04-23T01:47:10.317Z" },
    { url = "https://files.pythonhosted.org/packages/04/57/2e537083c3f381f83d05d9b176f0d838a9e8961f7ed8ddce3f0217179ce3/lxml-5.4.0-cp313-cp313-manylinux_2_28_aarch64.whl", hash = "sha256:e794f698ae4c5084414efea0f5cc9f4ac562ec02d66e1484ff822ef97c2cadff", size = 4753916, upload_time = "2025-04-23T01:47:12.823Z" },
    { url = "https://files.pythonhosted.org/packages/d8/80/ea8c4072109a350848f1157ce83ccd9439601274035cd045ac31f47f3417/lxml-5.4.0-cp313-cp313-manylinux_2_28_ppc64le.whl", hash = "sha256:2c62891b1ea3094bb12097822b3d44b93fc6c325f2043c4d2736a8ff09e65f60", size = 5289274, upload_time = "2025-04-23T01:47:15.916Z" },
    { url = "https://files.pythonhosted.org/packages/b3/47/c4be287c48cdc304483457878a3f22999098b9a95f455e3c4bda7ec7fc72/lxml-5.4.0-cp313-cp313-manylinux_2_28_s390x.whl", hash = "sha256:142accb3e4d1edae4b392bd165a9abdee8a3c432a2cca193df995bc3886249c8", size = 4874757, upload_time = "2025-04-23T01:47:19.793Z" },
    { url = "https://files.pythonhosted.org/packages/2f/04/6ef935dc74e729932e39478e44d8cfe6a83550552eaa072b7c05f6f22488/lxml-5.4.0-cp313-cp313-manylinux_2_28_x86_64.whl", hash = "sha256:1a42b3a19346e5601d1b8296ff6ef3d76038058f311902edd574461e9c036982", size = 4947028, upload_time = "2025-04-23T01:47:22.401Z" },
    { url = "https://files.pythonhosted.org/packages/cb/f9/c33fc8daa373ef8a7daddb53175289024512b6619bc9de36d77dca3df44b/lxml-5.4.0-cp313-cp313-musllinux_1_2_aarch64.whl", hash = "sha256:4291d3c409a17febf817259cb37bc62cb7eb398bcc95c1356947e2871911ae61", size = 4834487, upload_time = "2025-04-23T01:47:25.513Z" },
    { url = "https://files.pythonhosted.org/packages/8d/30/fc92bb595bcb878311e01b418b57d13900f84c2b94f6eca9e5073ea756e6/lxml-5.4.0-cp313-cp313-musllinux_1_2_ppc64le.whl", hash = "sha256:4f5322cf38fe0e21c2d73901abf68e6329dc02a4994e483adbcf92b568a09a54", size = 5381688, upload_time = "2025-04-23T01:47:28.454Z" },
    { url = "https://files.pythonhosted.org/packages/43/d1/3ba7bd978ce28bba8e3da2c2e9d5ae3f8f521ad3f0ca6ea4788d086ba00d/lxml-5.4.0-cp313-cp313-musllinux_1_2_s390x.whl", hash = "sha256:0be91891bdb06ebe65122aa6bf3fc94489960cf7e03033c6f83a90863b23c58b", size = 5242043, upload_time = "2025-04-23T01:47:31.208Z" },
    { url = "https://files.pythonhosted.org/packages/ee/cd/95fa2201041a610c4d08ddaf31d43b98ecc4b1d74b1e7245b1abdab443cb/lxml-5.4.0-cp313-cp313-musllinux_1_2_x86_64.whl", hash = "sha256:15a665ad90054a3d4f397bc40f73948d48e36e4c09f9bcffc7d90c87410e478a", size = 5021569, upload_time = "2025-04-23T01:47:33.805Z" },
    { url = "https://files.pythonhosted.org/packages/2d/a6/31da006fead660b9512d08d23d31e93ad3477dd47cc42e3285f143443176/lxml-5.4.0-cp313-cp313-win32.whl", hash = "sha256:d5663bc1b471c79f5c833cffbc9b87d7bf13f87e055a5c86c363ccd2348d7e82", size = 3485270, upload_time = "2025-04-23T01:47:36.133Z" },
    { url = "https://files.pythonhosted.org/packages/fc/14/c115516c62a7d2499781d2d3d7215218c0731b2c940753bf9f9b7b73924d/lxml-5.4.0-cp313-cp313-win_amd64.whl", hash = "sha256:bcb7a1096b4b6b24ce1ac24d4942ad98f983cd3810f9711bcd0293f43a9d8b9f", size = 3814606, upload_time = "2025-04-23T01:47:39.028Z" },
]

[[package]]
name = "nodeenv"
version = "1.9.1"
source = { registry = "https://pypi.org/simple" }
sdist = { url = "https://files.pythonhosted.org/packages/43/16/fc88b08840de0e0a72a2f9d8c6bae36be573e475a6326ae854bcc549fc45/nodeenv-1.9.1.tar.gz", hash = "sha256:6ec12890a2dab7946721edbfbcd91f3319c6ccc9aec47be7c7e6b7011ee6645f", size = 47437, upload_time = "2024-06-04T18:44:11.171Z" }
wheels = [
    { url = "https://files.pythonhosted.org/packages/d2/1d/1b658dbd2b9fa9c4c9f32accbfc0205d532c8c6194dc0f2a4c0428e7128a/nodeenv-1.9.1-py2.py3-none-any.whl", hash = "sha256:ba11c9782d29c27c70ffbdda2d7415098754709be8a7056d79a737cd901155c9", size = 22314, upload_time = "2024-06-04T18:44:08.352Z" },
]

[[package]]
name = "platformdirs"
version = "4.3.7"
source = { registry = "https://pypi.org/simple" }
sdist = { url = "https://files.pythonhosted.org/packages/b6/2d/7d512a3913d60623e7eb945c6d1b4f0bddf1d0b7ada5225274c87e5b53d1/platformdirs-4.3.7.tar.gz", hash = "sha256:eb437d586b6a0986388f0d6f74aa0cde27b48d0e3d66843640bfb6bdcdb6e351", size = 21291, upload_time = "2025-03-19T20:36:10.989Z" }
wheels = [
    { url = "https://files.pythonhosted.org/packages/6d/45/59578566b3275b8fd9157885918fcd0c4d74162928a5310926887b856a51/platformdirs-4.3.7-py3-none-any.whl", hash = "sha256:a03875334331946f13c549dbd8f4bac7a13a50a895a0eb1e8c6a8ace80d40a94", size = 18499, upload_time = "2025-03-19T20:36:09.038Z" },
]

[[package]]
name = "pre-commit"
version = "4.2.0"
source = { registry = "https://pypi.org/simple" }
dependencies = [
    { name = "cfgv" },
    { name = "identify" },
    { name = "nodeenv" },
    { name = "pyyaml" },
    { name = "virtualenv" },
]
sdist = { url = "https://files.pythonhosted.org/packages/08/39/679ca9b26c7bb2999ff122d50faa301e49af82ca9c066ec061cfbc0c6784/pre_commit-4.2.0.tar.gz", hash = "sha256:601283b9757afd87d40c4c4a9b2b5de9637a8ea02eaff7adc2d0fb4e04841146", size = 193424, upload_time = "2025-03-18T21:35:20.987Z" }
wheels = [
    { url = "https://files.pythonhosted.org/packages/88/74/a88bf1b1efeae488a0c0b7bdf71429c313722d1fc0f377537fbe554e6180/pre_commit-4.2.0-py2.py3-none-any.whl", hash = "sha256:a009ca7205f1eb497d10b845e52c838a98b6cdd2102a6c8e4540e94ee75c58bd", size = 220707, upload_time = "2025-03-18T21:35:19.343Z" },
]

[[package]]
name = "pyaes"
version = "1.6.1"
source = { registry = "https://pypi.org/simple" }
sdist = { url = "https://files.pythonhosted.org/packages/44/66/2c17bae31c906613795711fc78045c285048168919ace2220daa372c7d72/pyaes-1.6.1.tar.gz", hash = "sha256:02c1b1405c38d3c370b085fb952dd8bea3fadcee6411ad99f312cc129c536d8f", size = 28536, upload_time = "2017-09-20T21:17:54.23Z" }

[[package]]
name = "pyasn1"
version = "0.6.1"
source = { registry = "https://pypi.org/simple" }
sdist = { url = "https://files.pythonhosted.org/packages/ba/e9/01f1a64245b89f039897cb0130016d79f77d52669aae6ee7b159a6c4c018/pyasn1-0.6.1.tar.gz", hash = "sha256:6f580d2bdd84365380830acf45550f2511469f673cb4a5ae3857a3170128b034", size = 145322, upload_time = "2024-09-10T22:41:42.55Z" }
wheels = [
    { url = "https://files.pythonhosted.org/packages/c8/f1/d6a797abb14f6283c0ddff96bbdd46937f64122b8c925cab503dd37f8214/pyasn1-0.6.1-py3-none-any.whl", hash = "sha256:0d632f46f2ba09143da3a8afe9e33fb6f92fa2320ab7e886e2d0f7672af84629", size = 83135, upload_time = "2024-09-11T16:00:36.122Z" },
]

[[package]]
name = "pyyaml"
version = "6.0.2"
source = { registry = "https://pypi.org/simple" }
sdist = { url = "https://files.pythonhosted.org/packages/54/ed/79a089b6be93607fa5cdaedf301d7dfb23af5f25c398d5ead2525b063e17/pyyaml-6.0.2.tar.gz", hash = "sha256:d584d9ec91ad65861cc08d42e834324ef890a082e591037abe114850ff7bbc3e", size = 130631, upload_time = "2024-08-06T20:33:50.674Z" }
wheels = [
    { url = "https://files.pythonhosted.org/packages/ef/e3/3af305b830494fa85d95f6d95ef7fa73f2ee1cc8ef5b495c7c3269fb835f/PyYAML-6.0.2-cp313-cp313-macosx_10_13_x86_64.whl", hash = "sha256:efdca5630322a10774e8e98e1af481aad470dd62c3170801852d752aa7a783ba", size = 181309, upload_time = "2024-08-06T20:32:43.4Z" },
    { url = "https://files.pythonhosted.org/packages/45/9f/3b1c20a0b7a3200524eb0076cc027a970d320bd3a6592873c85c92a08731/PyYAML-6.0.2-cp313-cp313-macosx_11_0_arm64.whl", hash = "sha256:50187695423ffe49e2deacb8cd10510bc361faac997de9efef88badc3bb9e2d1", size = 171679, upload_time = "2024-08-06T20:32:44.801Z" },
    { url = "https://files.pythonhosted.org/packages/7c/9a/337322f27005c33bcb656c655fa78325b730324c78620e8328ae28b64d0c/PyYAML-6.0.2-cp313-cp313-manylinux_2_17_aarch64.manylinux2014_aarch64.whl", hash = "sha256:0ffe8360bab4910ef1b9e87fb812d8bc0a308b0d0eef8c8f44e0254ab3b07133", size = 733428, upload_time = "2024-08-06T20:32:46.432Z" },
    { url = "https://files.pythonhosted.org/packages/a3/69/864fbe19e6c18ea3cc196cbe5d392175b4cf3d5d0ac1403ec3f2d237ebb5/PyYAML-6.0.2-cp313-cp313-manylinux_2_17_s390x.manylinux2014_s390x.whl", hash = "sha256:17e311b6c678207928d649faa7cb0d7b4c26a0ba73d41e99c4fff6b6c3276484", size = 763361, upload_time = "2024-08-06T20:32:51.188Z" },
    { url = "https://files.pythonhosted.org/packages/04/24/b7721e4845c2f162d26f50521b825fb061bc0a5afcf9a386840f23ea19fa/PyYAML-6.0.2-cp313-cp313-manylinux_2_17_x86_64.manylinux2014_x86_64.whl", hash = "sha256:70b189594dbe54f75ab3a1acec5f1e3faa7e8cf2f1e08d9b561cb41b845f69d5", size = 759523, upload_time = "2024-08-06T20:32:53.019Z" },
    { url = "https://files.pythonhosted.org/packages/2b/b2/e3234f59ba06559c6ff63c4e10baea10e5e7df868092bf9ab40e5b9c56b6/PyYAML-6.0.2-cp313-cp313-musllinux_1_1_aarch64.whl", hash = "sha256:41e4e3953a79407c794916fa277a82531dd93aad34e29c2a514c2c0c5fe971cc", size = 726660, upload_time = "2024-08-06T20:32:54.708Z" },
    { url = "https://files.pythonhosted.org/packages/fe/0f/25911a9f080464c59fab9027482f822b86bf0608957a5fcc6eaac85aa515/PyYAML-6.0.2-cp313-cp313-musllinux_1_1_x86_64.whl", hash = "sha256:68ccc6023a3400877818152ad9a1033e3db8625d899c72eacb5a668902e4d652", size = 751597, upload_time = "2024-08-06T20:32:56.985Z" },
    { url = "https://files.pythonhosted.org/packages/14/0d/e2c3b43bbce3cf6bd97c840b46088a3031085179e596d4929729d8d68270/PyYAML-6.0.2-cp313-cp313-win32.whl", hash = "sha256:bc2fa7c6b47d6bc618dd7fb02ef6fdedb1090ec036abab80d4681424b84c1183", size = 140527, upload_time = "2024-08-06T20:33:03.001Z" },
    { url = "https://files.pythonhosted.org/packages/fa/de/02b54f42487e3d3c6efb3f89428677074ca7bf43aae402517bc7cca949f3/PyYAML-6.0.2-cp313-cp313-win_amd64.whl", hash = "sha256:8388ee1976c416731879ac16da0aff3f63b286ffdd57cdeb95f3f2e085687563", size = 156446, upload_time = "2024-08-06T20:33:04.33Z" },
]

[[package]]
name = "rsa"
version = "4.9.1"
source = { registry = "https://pypi.org/simple" }
dependencies = [
    { name = "pyasn1" },
]
sdist = { url = "https://files.pythonhosted.org/packages/da/8a/22b7beea3ee0d44b1916c0c1cb0ee3af23b700b6da9f04991899d0c555d4/rsa-4.9.1.tar.gz", hash = "sha256:e7bdbfdb5497da4c07dfd35530e1a902659db6ff241e39d9953cad06ebd0ae75", size = 29034, upload_time = "2025-04-16T09:51:18.218Z" }
wheels = [
    { url = "https://files.pythonhosted.org/packages/64/8d/0133e4eb4beed9e425d9a98ed6e081a55d195481b7632472be1af08d2f6b/rsa-4.9.1-py3-none-any.whl", hash = "sha256:68635866661c6836b8d39430f97a996acbd61bfa49406748ea243539fe239762", size = 34696, upload_time = "2025-04-16T09:51:17.142Z" },
]

[[package]]
name = "ruff"
version = "0.11.7"
source = { registry = "https://pypi.org/simple" }
sdist = { url = "https://files.pythonhosted.org/packages/5b/89/6f9c9674818ac2e9cc2f2b35b704b7768656e6b7c139064fc7ba8fbc99f1/ruff-0.11.7.tar.gz", hash = "sha256:655089ad3224070736dc32844fde783454f8558e71f501cb207485fe4eee23d4", size = 4054861, upload_time = "2025-04-24T18:49:37.007Z" }
wheels = [
    { url = "https://files.pythonhosted.org/packages/b4/ec/21927cb906c5614b786d1621dba405e3d44f6e473872e6df5d1a6bca0455/ruff-0.11.7-py3-none-linux_armv6l.whl", hash = "sha256:d29e909d9a8d02f928d72ab7837b5cbc450a5bdf578ab9ebee3263d0a525091c", size = 10245403, upload_time = "2025-04-24T18:48:40.459Z" },
    { url = "https://files.pythonhosted.org/packages/e2/af/fec85b6c2c725bcb062a354dd7cbc1eed53c33ff3aa665165871c9c16ddf/ruff-0.11.7-py3-none-macosx_10_12_x86_64.whl", hash = "sha256:dd1fb86b168ae349fb01dd497d83537b2c5541fe0626e70c786427dd8363aaee", size = 11007166, upload_time = "2025-04-24T18:48:44.742Z" },
    { url = "https://files.pythonhosted.org/packages/31/9a/2d0d260a58e81f388800343a45898fd8df73c608b8261c370058b675319a/ruff-0.11.7-py3-none-macosx_11_0_arm64.whl", hash = "sha256:d3d7d2e140a6fbbc09033bce65bd7ea29d6a0adeb90b8430262fbacd58c38ada", size = 10378076, upload_time = "2025-04-24T18:48:47.918Z" },
    { url = "https://files.pythonhosted.org/packages/c2/c4/9b09b45051404d2e7dd6d9dbcbabaa5ab0093f9febcae664876a77b9ad53/ruff-0.11.7-py3-none-manylinux_2_17_aarch64.manylinux2014_aarch64.whl", hash = "sha256:4809df77de390a1c2077d9b7945d82f44b95d19ceccf0c287c56e4dc9b91ca64", size = 10557138, upload_time = "2025-04-24T18:48:51.707Z" },
    { url = "https://files.pythonhosted.org/packages/5e/5e/f62a1b6669870a591ed7db771c332fabb30f83c967f376b05e7c91bccd14/ruff-0.11.7-py3-none-manylinux_2_17_armv7l.manylinux2014_armv7l.whl", hash = "sha256:f3a0c2e169e6b545f8e2dba185eabbd9db4f08880032e75aa0e285a6d3f48201", size = 10095726, upload_time = "2025-04-24T18:48:54.243Z" },
    { url = "https://files.pythonhosted.org/packages/45/59/a7aa8e716f4cbe07c3500a391e58c52caf665bb242bf8be42c62adef649c/ruff-0.11.7-py3-none-manylinux_2_17_i686.manylinux2014_i686.whl", hash = "sha256:49b888200a320dd96a68e86736cf531d6afba03e4f6cf098401406a257fcf3d6", size = 11672265, upload_time = "2025-04-24T18:48:57.639Z" },
    { url = "https://files.pythonhosted.org/packages/dd/e3/101a8b707481f37aca5f0fcc3e42932fa38b51add87bfbd8e41ab14adb24/ruff-0.11.7-py3-none-manylinux_2_17_ppc64.manylinux2014_ppc64.whl", hash = "sha256:2b19cdb9cf7dae00d5ee2e7c013540cdc3b31c4f281f1dacb5a799d610e90db4", size = 12331418, upload_time = "2025-04-24T18:49:00.697Z" },
    { url = "https://files.pythonhosted.org/packages/dd/71/037f76cbe712f5cbc7b852e4916cd3cf32301a30351818d32ab71580d1c0/ruff-0.11.7-py3-none-manylinux_2_17_ppc64le.manylinux2014_ppc64le.whl", hash = "sha256:64e0ee994c9e326b43539d133a36a455dbaab477bc84fe7bfbd528abe2f05c1e", size = 11794506, upload_time = "2025-04-24T18:49:03.545Z" },
    { url = "https://files.pythonhosted.org/packages/ca/de/e450b6bab1fc60ef263ef8fcda077fb4977601184877dce1c59109356084/ruff-0.11.7-py3-none-manylinux_2_17_s390x.manylinux2014_s390x.whl", hash = "sha256:bad82052311479a5865f52c76ecee5d468a58ba44fb23ee15079f17dd4c8fd63", size = 13939084, upload_time = "2025-04-24T18:49:07.159Z" },
    { url = "https://files.pythonhosted.org/packages/0e/2c/1e364cc92970075d7d04c69c928430b23e43a433f044474f57e425cbed37/ruff-0.11.7-py3-none-manylinux_2_17_x86_64.manylinux2014_x86_64.whl", hash = "sha256:7940665e74e7b65d427b82bffc1e46710ec7f30d58b4b2d5016e3f0321436502", size = 11450441, upload_time = "2025-04-24T18:49:11.41Z" },
    { url = "https://files.pythonhosted.org/packages/9d/7d/1b048eb460517ff9accd78bca0fa6ae61df2b276010538e586f834f5e402/ruff-0.11.7-py3-none-musllinux_1_2_aarch64.whl", hash = "sha256:169027e31c52c0e36c44ae9a9c7db35e505fee0b39f8d9fca7274a6305295a92", size = 10441060, upload_time = "2025-04-24T18:49:14.184Z" },
    { url = "https://files.pythonhosted.org/packages/3a/57/8dc6ccfd8380e5ca3d13ff7591e8ba46a3b330323515a4996b991b10bd5d/ruff-0.11.7-py3-none-musllinux_1_2_armv7l.whl", hash = "sha256:305b93f9798aee582e91e34437810439acb28b5fc1fee6b8205c78c806845a94", size = 10058689, upload_time = "2025-04-24T18:49:17.559Z" },
    { url = "https://files.pythonhosted.org/packages/23/bf/20487561ed72654147817885559ba2aa705272d8b5dee7654d3ef2dbf912/ruff-0.11.7-py3-none-musllinux_1_2_i686.whl", hash = "sha256:a681db041ef55550c371f9cd52a3cf17a0da4c75d6bd691092dfc38170ebc4b6", size = 11073703, upload_time = "2025-04-24T18:49:20.247Z" },
    { url = "https://files.pythonhosted.org/packages/9d/27/04f2db95f4ef73dccedd0c21daf9991cc3b7f29901a4362057b132075aa4/ruff-0.11.7-py3-none-musllinux_1_2_x86_64.whl", hash = "sha256:07f1496ad00a4a139f4de220b0c97da6d4c85e0e4aa9b2624167b7d4d44fd6b6", size = 11532822, upload_time = "2025-04-24T18:49:23.765Z" },
    { url = "https://files.pythonhosted.org/packages/e1/72/43b123e4db52144c8add336581de52185097545981ff6e9e58a21861c250/ruff-0.11.7-py3-none-win32.whl", hash = "sha256:f25dfb853ad217e6e5f1924ae8a5b3f6709051a13e9dad18690de6c8ff299e26", size = 10362436, upload_time = "2025-04-24T18:49:27.377Z" },
    { url = "https://files.pythonhosted.org/packages/c5/a0/3e58cd76fdee53d5c8ce7a56d84540833f924ccdf2c7d657cb009e604d82/ruff-0.11.7-py3-none-win_amd64.whl", hash = "sha256:0a931d85959ceb77e92aea4bbedfded0a31534ce191252721128f77e5ae1f98a", size = 11566676, upload_time = "2025-04-24T18:49:30.938Z" },
    { url = "https://files.pythonhosted.org/packages/68/ca/69d7c7752bce162d1516e5592b1cc6b6668e9328c0d270609ddbeeadd7cf/ruff-0.11.7-py3-none-win_arm64.whl", hash = "sha256:778c1e5d6f9e91034142dfd06110534ca13220bfaad5c3735f6cb844654f6177", size = 10677936, upload_time = "2025-04-24T18:49:34.392Z" },
]

[[package]]
name = "sqlalchemy"
version = "2.0.40"
source = { registry = "https://pypi.org/simple" }
dependencies = [
    { name = "greenlet", marker = "(python_full_version < '3.14' and platform_machine == 'AMD64') or (python_full_version < '3.14' and platform_machine == 'WIN32') or (python_full_version < '3.14' and platform_machine == 'aarch64') or (python_full_version < '3.14' and platform_machine == 'amd64') or (python_full_version < '3.14' and platform_machine == 'ppc64le') or (python_full_version < '3.14' and platform_machine == 'win32') or (python_full_version < '3.14' and platform_machine == 'x86_64')" },
    { name = "typing-extensions" },
]
sdist = { url = "https://files.pythonhosted.org/packages/68/c3/3f2bfa5e4dcd9938405fe2fab5b6ab94a9248a4f9536ea2fd497da20525f/sqlalchemy-2.0.40.tar.gz", hash = "sha256:d827099289c64589418ebbcaead0145cd19f4e3e8a93919a0100247af245fa00", size = 9664299, upload_time = "2025-03-27T17:52:31.876Z" }
wheels = [
    { url = "https://files.pythonhosted.org/packages/8c/18/4e3a86cc0232377bc48c373a9ba6a1b3fb79ba32dbb4eda0b357f5a2c59d/sqlalchemy-2.0.40-cp313-cp313-macosx_10_13_x86_64.whl", hash = "sha256:915866fd50dd868fdcc18d61d8258db1bf9ed7fbd6dfec960ba43365952f3b01", size = 2107887, upload_time = "2025-03-27T18:40:05.461Z" },
    { url = "https://files.pythonhosted.org/packages/cb/60/9fa692b1d2ffc4cbd5f47753731fd332afed30137115d862d6e9a1e962c7/sqlalchemy-2.0.40-cp313-cp313-macosx_11_0_arm64.whl", hash = "sha256:4a4c5a2905a9ccdc67a8963e24abd2f7afcd4348829412483695c59e0af9a705", size = 2098367, upload_time = "2025-03-27T18:40:07.182Z" },
    { url = "https://files.pythonhosted.org/packages/4c/9f/84b78357ca641714a439eb3fbbddb17297dacfa05d951dbf24f28d7b5c08/sqlalchemy-2.0.40-cp313-cp313-manylinux_2_17_aarch64.manylinux2014_aarch64.whl", hash = "sha256:55028d7a3ebdf7ace492fab9895cbc5270153f75442a0472d8516e03159ab364", size = 3184806, upload_time = "2025-03-27T18:51:29.356Z" },
    { url = "https://files.pythonhosted.org/packages/4b/7d/e06164161b6bfce04c01bfa01518a20cccbd4100d5c951e5a7422189191a/sqlalchemy-2.0.40-cp313-cp313-manylinux_2_17_x86_64.manylinux2014_x86_64.whl", hash = "sha256:6cfedff6878b0e0d1d0a50666a817ecd85051d12d56b43d9d425455e608b5ba0", size = 3198131, upload_time = "2025-03-27T18:50:31.616Z" },
    { url = "https://files.pythonhosted.org/packages/6d/51/354af20da42d7ec7b5c9de99edafbb7663a1d75686d1999ceb2c15811302/sqlalchemy-2.0.40-cp313-cp313-musllinux_1_2_aarch64.whl", hash = "sha256:bb19e30fdae77d357ce92192a3504579abe48a66877f476880238a962e5b96db", size = 3131364, upload_time = "2025-03-27T18:51:31.336Z" },
    { url = "https://files.pythonhosted.org/packages/7a/2f/48a41ff4e6e10549d83fcc551ab85c268bde7c03cf77afb36303c6594d11/sqlalchemy-2.0.40-cp313-cp313-musllinux_1_2_x86_64.whl", hash = "sha256:16d325ea898f74b26ffcd1cf8c593b0beed8714f0317df2bed0d8d1de05a8f26", size = 3159482, upload_time = "2025-03-27T18:50:33.201Z" },
    { url = "https://files.pythonhosted.org/packages/33/ac/e5e0a807163652a35be878c0ad5cfd8b1d29605edcadfb5df3c512cdf9f3/sqlalchemy-2.0.40-cp313-cp313-win32.whl", hash = "sha256:a669cbe5be3c63f75bcbee0b266779706f1a54bcb1000f302685b87d1b8c1500", size = 2080704, upload_time = "2025-03-27T18:46:00.193Z" },
    { url = "https://files.pythonhosted.org/packages/1c/cb/f38c61f7f2fd4d10494c1c135ff6a6ddb63508d0b47bccccd93670637309/sqlalchemy-2.0.40-cp313-cp313-win_amd64.whl", hash = "sha256:641ee2e0834812d657862f3a7de95e0048bdcb6c55496f39c6fa3d435f6ac6ad", size = 2104564, upload_time = "2025-03-27T18:46:01.442Z" },
    { url = "https://files.pythonhosted.org/packages/d1/7c/5fc8e802e7506fe8b55a03a2e1dab156eae205c91bee46305755e086d2e2/sqlalchemy-2.0.40-py3-none-any.whl", hash = "sha256:32587e2e1e359276957e6fe5dad089758bc042a971a8a09ae8ecf7a8fe23d07a", size = 1903894, upload_time = "2025-03-27T18:40:43.796Z" },
]

[[package]]
name = "telethon"
version = "1.40.0"
source = { registry = "https://pypi.org/simple" }
dependencies = [
    { name = "pyaes" },
    { name = "rsa" },
]
sdist = { url = "https://files.pythonhosted.org/packages/58/af/9b7111e3f63fffe8e55b7ceb8bda023173e2052f420b6debcb25fd2fbc15/telethon-1.40.0.tar.gz", hash = "sha256:40e83326877a2e68b754d4b6d0d1ca5ac924110045b039e02660f2d67add97db", size = 646723, upload_time = "2025-04-21T09:12:10.506Z" }
wheels = [
    { url = "https://files.pythonhosted.org/packages/2c/5a/c5370edb3215d19a6e858f4169b8eec725ba55f9d39df0f557508048c037/Telethon-1.40.0-py3-none-any.whl", hash = "sha256:146fd4cb2a7afa66bc67f9c2167756096a37b930f65711a3e7399ec9874dcfa7", size = 722013, upload_time = "2025-04-21T09:12:08.399Z" },
]

[[package]]
name = "typing-extensions"
version = "4.13.2"
source = { registry = "https://pypi.org/simple" }
sdist = { url = "https://files.pythonhosted.org/packages/f6/37/23083fcd6e35492953e8d2aaaa68b860eb422b34627b13f2ce3eb6106061/typing_extensions-4.13.2.tar.gz", hash = "sha256:e6c81219bd689f51865d9e372991c540bda33a0379d5573cddb9a3a23f7caaef", size = 106967, upload_time = "2025-04-10T14:19:05.416Z" }
wheels = [
    { url = "https://files.pythonhosted.org/packages/8b/54/b1ae86c0973cc6f0210b53d508ca3641fb6d0c56823f288d108bc7ab3cc8/typing_extensions-4.13.2-py3-none-any.whl", hash = "sha256:a439e7c04b49fec3e5d3e2beaa21755cadbbdc391694e28ccdd36ca4a1408f8c", size = 45806, upload_time = "2025-04-10T14:19:03.967Z" },
]

[[package]]
name = "virtualenv"
version = "20.30.0"
source = { registry = "https://pypi.org/simple" }
dependencies = [
    { name = "distlib" },
    { name = "filelock" },
    { name = "platformdirs" },
]
sdist = { url = "https://files.pythonhosted.org/packages/38/e0/633e369b91bbc664df47dcb5454b6c7cf441e8f5b9d0c250ce9f0546401e/virtualenv-20.30.0.tar.gz", hash = "sha256:800863162bcaa5450a6e4d721049730e7f2dae07720e0902b0e4040bd6f9ada8", size = 4346945, upload_time = "2025-03-31T16:33:29.185Z" }
wheels = [
    { url = "https://files.pythonhosted.org/packages/4c/ed/3cfeb48175f0671ec430ede81f628f9fb2b1084c9064ca67ebe8c0ed6a05/virtualenv-20.30.0-py3-none-any.whl", hash = "sha256:e34302959180fca3af42d1800df014b35019490b119eba981af27f2fa486e5d6", size = 4329461, upload_time = "2025-03-31T16:33:26.758Z" },
]
